
Microsoft Visual Studio Solution File, Format Version 12.00
# Visual Studio Version 17
VisualStudioVersion = 17.14.37111.16 d17.14
MinimumVisualStudioVersion = 10.0.40219.1
Project("{FAE04EC0-301F-11D3-BF4B-00C04F79EFBC}") = "TvcLesson01", "TvcLesson01\TvcLesson01.csproj", "{90D17107-5EEC-491D-94BA-F90EBFB381F8}"
EndProject
Global
	GlobalSection(SolutionConfigurationPlatforms) = preSolution
		Debug|Any CPU = Debug|Any CPU
		Release|Any CPU = Release|Any CPU
	EndGlobalSection
	GlobalSection(ProjectConfigurationPlatforms) = postSolution
		{90D17107-5EEC-491D-94BA-F90EBFB381F8}.Debug|Any CPU.ActiveCfg = Debug|Any CPU
		{90D17107-5EEC-491D-94BA-F90EBFB381F8}.Debug|Any CPU.Build.0 = Debug|Any CPU
		{90D17107-5EEC-491D-94BA-F90EBFB381F8}.Release|Any CPU.ActiveCfg = Release|Any CPU
		{90D17107-5EEC-491D-94BA-F90EBFB381F8}.Release|Any CPU.Build.0 = Release|Any CPU
	EndGlobalSection
	GlobalSection(SolutionProperties) = preSolution
		HideSolutionNode = FALSE
	EndGlobalSection
	GlobalSection(ExtensibilityGlobals) = postSolution
		SolutionGuid = {8EAE3FE5-95EA-4837-A8F1-010F661D4A95}
	EndGlobalSection
EndGlobal
