
Microsoft Visual Studio Solution File, Format Version 12.00
# Visual Studio Version 17
VisualStudioVersion = 17.14.37111.16 d17.14
MinimumVisualStudioVersion = 10.0.40219.1
Project("{FAE04EC0-301F-11D3-BF4B-00C04F79EFBC}") = "TvcLesson04Review", "TvcLesson04Review.csproj", "{14DA24FD-D300-41C9-BD18-0E0CFAC4AA82}"
EndProject
Project("{FAE04EC0-301F-11D3-BF4B-00C04F79EFBC}") = "TvcLesson04Views", "..\TvcLesson04Views\TvcLesson04Views.csproj", "{3E436DFF-7682-4009-B2BD-F5FC3F64D38F}"
EndProject
Global
	GlobalSection(SolutionConfigurationPlatforms) = preSolution
		Debug|Any CPU = Debug|Any CPU
		Release|Any CPU = Release|Any CPU
	EndGlobalSection
	GlobalSection(ProjectConfigurationPlatforms) = postSolution
		{14DA24FD-D300-41C9-BD18-0E0CFAC4AA82}.Debug|Any CPU.ActiveCfg = Debug|Any CPU
		{14DA24FD-D300-41C9-BD18-0E0CFAC4AA82}.Debug|Any CPU.Build.0 = Debug|Any CPU
		{14DA24FD-D300-41C9-BD18-0E0CFAC4AA82}.Release|Any CPU.ActiveCfg = Release|Any CPU
		{14DA24FD-D300-41C9-BD18-0E0CFAC4AA82}.Release|Any CPU.Build.0 = Release|Any CPU
		{3E436DFF-7682-4009-B2BD-F5FC3F64D38F}.Debug|Any CPU.ActiveCfg = Debug|Any CPU
		{3E436DFF-7682-4009-B2BD-F5FC3F64D38F}.Debug|Any CPU.Build.0 = Debug|Any CPU
		{3E436DFF-7682-4009-B2BD-F5FC3F64D38F}.Release|Any CPU.ActiveCfg = Release|Any CPU
		{3E436DFF-7682-4009-B2BD-F5FC3F64D38F}.Release|Any CPU.Build.0 = Release|Any CPU
	EndGlobalSection
	GlobalSection(SolutionProperties) = preSolution
		HideSolutionNode = FALSE
	EndGlobalSection
	GlobalSection(ExtensibilityGlobals) = postSolution
		SolutionGuid = {5E45E563-115E-4F02-8441-8F0F708C25A6}
	EndGlobalSection
EndGlobal
