
Microsoft Visual Studio Solution File, Format Version 12.00
# Visual Studio Version 17
VisualStudioVersion = 17.14.37111.16 d17.14
MinimumVisualStudioVersion = 10.0.40219.1
Project("{FAE04EC0-301F-11D3-BF4B-00C04F79EFBC}") = "TvcLesson02", "TvcLesson02.csproj", "{BC345741-D8D6-4B21-B973-95EE4A5AB31C}"
EndProject
Project("{FAE04EC0-301F-11D3-BF4B-00C04F79EFBC}") = "TvcLesson02MVC", "..\TvcLesson02MVC\TvcLesson02MVC.csproj", "{9CBD8FE6-4325-41FA-AED5-CB262918FF62}"
EndProject
Global
	GlobalSection(SolutionConfigurationPlatforms) = preSolution
		Debug|Any CPU = Debug|Any CPU
		Release|Any CPU = Release|Any CPU
	EndGlobalSection
	GlobalSection(ProjectConfigurationPlatforms) = postSolution
		{BC345741-D8D6-4B21-B973-95EE4A5AB31C}.Debug|Any CPU.ActiveCfg = Debug|Any CPU
		{BC345741-D8D6-4B21-B973-95EE4A5AB31C}.Debug|Any CPU.Build.0 = Debug|Any CPU
		{BC345741-D8D6-4B21-B973-95EE4A5AB31C}.Release|Any CPU.ActiveCfg = Release|Any CPU
		{BC345741-D8D6-4B21-B973-95EE4A5AB31C}.Release|Any CPU.Build.0 = Release|Any CPU
		{9CBD8FE6-4325-41FA-AED5-CB262918FF62}.Debug|Any CPU.ActiveCfg = Debug|Any CPU
		{9CBD8FE6-4325-41FA-AED5-CB262918FF62}.Debug|Any CPU.Build.0 = Debug|Any CPU
		{9CBD8FE6-4325-41FA-AED5-CB262918FF62}.Release|Any CPU.ActiveCfg = Release|Any CPU
		{9CBD8FE6-4325-41FA-AED5-CB262918FF62}.Release|Any CPU.Build.0 = Release|Any CPU
	EndGlobalSection
	GlobalSection(SolutionProperties) = preSolution
		HideSolutionNode = FALSE
	EndGlobalSection
	GlobalSection(ExtensibilityGlobals) = postSolution
		SolutionGuid = {45B436DA-5581-454D-9C97-36148757702C}
	EndGlobalSection
EndGlobal
